// !$*UTF8*$!
{
	archiveVersion = 1;
	classes = {
	};
	objectVersion = 50;
	objects = {

/* Begin PBXBuildFile section */
		434BE34120A29FA6001F1708 /* AppDelegate.swift in Sources */ = {isa = PBXBuildFile; fileRef = 434BE34020A29FA6001F1708 /* AppDelegate.swift */; };
		434BE34320A29FA6001F1708 /* ViewController.swift in Sources */ = {isa = PBXBuildFile; fileRef = 434BE34220A29FA6001F1708 /* ViewController.swift */; };
		434BE34620A29FA6001F1708 /* Main.storyboard in Resources */ = {isa = PBXBuildFile; fileRef = 434BE34420A29FA6001F1708 /* Main.storyboard */; };
		434BE34820A29FA7001F1708 /* Assets.xcassets in Resources */ = {isa = PBXBuildFile; fileRef = 434BE34720A29FA7001F1708 /* Assets.xcassets */; };
		434BE34B20A29FA7001F1708 /* LaunchScreen.storyboard in Resources */ = {isa = PBXBuildFile; fileRef = 434BE34920A29FA7001F1708 /* LaunchScreen.storyboard */; };
		434BE35620A29FA7001F1708 /* SHOurTodoListTests.swift in Sources */ = {isa = PBXBuildFile; fileRef = 434BE35520A29FA7001F1708 /* SHOurTodoListTests.swift */; };
		434BE36120A29FA7001F1708 /* SHOurTodoListUITests.swift in Sources */ = {isa = PBXBuildFile; fileRef = 434BE36020A29FA7001F1708 /* SHOurTodoListUITests.swift */; };
/* End PBXBuildFile section */

/* Begin PBXContainerItemProxy section */
		434BE35220A29FA7001F1708 /* PBXContainerItemProxy */ = {
			isa = PBXContainerItemProxy;
			containerPortal = 434BE33520A29FA6001F1708 /* Project object */;
			proxyType = 1;
			remoteGlobalIDString = 434BE33C20A29FA6001F1708;
			remoteInfo = SHOurTodoList;
		};
		434BE35D20A29FA7001F1708 /* PBXContainerItemProxy */ = {
			isa = PBXContainerItemProxy;
			containerPortal = 434BE33520A29FA6001F1708 /* Project object */;
			proxyType = 1;
			remoteGlobalIDString = 434BE33C20A29FA6001F1708;
			remoteInfo = SHOurTodoList;
		};
/* End PBXContainerItemProxy section */

/* Begin PBXFileReference section */
		434BE33D20A29FA6001F1708 /* SHOurTodoList.app */ = {isa = PBXFileReference; explicitFileType = wrapper.application; includeInIndex = 0; path = SHOurTodoList.app; sourceTree = BUILT_PRODUCTS_DIR; };
		434BE34020A29FA6001F1708 /* AppDelegate.swift */ = {isa = PBXFileReference; lastKnownFileType = sourcecode.swift; path = AppDelegate.swift; sourceTree = "<group>"; };
		434BE34220A29FA6001F1708 /* ViewController.swift */ = {isa = PBXFileReference; lastKnownFileType = sourcecode.swift; path = ViewController.swift; sourceTree = "<group>"; };
		434BE34520A29FA6001F1708 /* Base */ = {isa = PBXFileReference; lastKnownFileType = file.storyboard; name = Base; path = Base.lproj/Main.storyboard; sourceTree = "<group>"; };
		434BE34720A29FA7001F1708 /* Assets.xcassets */ = {isa = PBXFileReference; lastKnownFileType = folder.assetcatalog; path = Assets.xcassets; sourceTree = "<group>"; };
		434BE34A20A29FA7001F1708 /* Base */ = {isa = PBXFileReference; lastKnownFileType = file.storyboard; name = Base; path = Base.lproj/LaunchScreen.storyboard; sourceTree = "<group>"; };
		434BE34C20A29FA7001F1708 /* Info.plist */ = {isa = PBXFileReference; lastKnownFileType = text.plist.xml; path = Info.plist; sourceTree = "<group>"; };
		434BE35120A29FA7001F1708 /* SHOurTodoListTests.xctest */ = {isa = PBXFileReference; explicitFileType = wrapper.cfbundle; includeInIndex = 0; path = SHOurTodoListTests.xctest; sourceTree = BUILT_PRODUCTS_DIR; };
		434BE35520A29FA7001F1708 /* SHOurTodoListTests.swift */ = {isa = PBXFileReference; lastKnownFileType = sourcecode.swift; path = SHOurTodoListTests.swift; sourceTree = "<group>"; };
		434BE35720A29FA7001F1708 /* Info.plist */ = {isa = PBXFileReference; lastKnownFileType = text.plist.xml; path = Info.plist; sourceTree = "<group>"; };
		434BE35C20A29FA7001F1708 /* SHOurTodoListUITests.xctest */ = {isa = PBXFileReference; explicitFileType = wrapper.cfbundle; includeInIndex = 0; path = SHOurTodoListUITests.xctest; sourceTree = BUILT_PRODUCTS_DIR; };
		434BE36020A29FA7001F1708 /* SHOurTodoListUITests.swift */ = {isa = PBXFileReference; lastKnownFileType = sourcecode.swift; path = SHOurTodoListUITests.swift; sourceTree = "<group>"; };
		434BE36220A29FA7001F1708 /* Info.plist */ = {isa = PBXFileReference; lastKnownFileType = text.plist.xml; path = Info.plist; sourceTree = "<group>"; };
/* End PBXFileReference section */

/* Begin PBXFrameworksBuildPhase section */
		434BE33A20A29FA6001F1708 /* Frameworks */ = {
			isa = PBXFrameworksBuildPhase;
			buildActionMask = 2147483647;
			files = (
			);
			runOnlyForDeploymentPostprocessing = 0;
		};
		434BE34E20A29FA7001F1708 /* Frameworks */ = {
			isa = PBXFrameworksBuildPhase;
			buildActionMask = 2147483647;
			files = (
			);
			runOnlyForDeploymentPostprocessing = 0;
		};
		434BE35920A29FA7001F1708 /* Frameworks */ = {
			isa = PBXFrameworksBuildPhase;
			buildActionMask = 2147483647;
			files = (
			);
			runOnlyForDeploymentPostprocessing = 0;
		};
/* End PBXFrameworksBuildPhase section */

/* Begin PBXGroup section */
		434BE33420A29FA6001F1708 = {
			isa = PBXGroup;
			children = (
				434BE33F20A29FA6001F1708 /* SHOurTodoList */,
				434BE35420A29FA7001F1708 /* SHOurTodoListTests */,
				434BE35F20A29FA7001F1708 /* SHOurTodoListUITests */,
				434BE33E20A29FA6001F1708 /* Products */,
			);
			sourceTree = "<group>";
		};
		434BE33E20A29FA6001F1708 /* Products */ = {
			isa = PBXGroup;
			children = (
				434BE33D20A29FA6001F1708 /* SHOurTodoList.app */,
				434BE35120A29FA7001F1708 /* SHOurTodoListTests.xctest */,
				434BE35C20A29FA7001F1708 /* SHOurTodoListUITests.xctest */,
			);
			name = Products;
			sourceTree = "<group>";
		};
		434BE33F20A29FA6001F1708 /* SHOurTodoList */ = {
			isa = PBXGroup;
			children = (
				434BE34020A29FA6001F1708 /* AppDelegate.swift */,
				434BE34220A29FA6001F1708 /* ViewController.swift */,
				434BE34420A29FA6001F1708 /* Main.storyboard */,
				434BE34720A29FA7001F1708 /* Assets.xcassets */,
				434BE34920A29FA7001F1708 /* LaunchScreen.storyboard */,
				434BE34C20A29FA7001F1708 /* Info.plist */,
			);
			path = SHOurTodoList;
			sourceTree = "<group>";
		};
		434BE35420A29FA7001F1708 /* SHOurTodoListTests */ = {
			isa = PBXGroup;
			children = (
				434BE35520A29FA7001F1708 /* SHOurTodoListTests.swift */,
				434BE35720A29FA7001F1708 /* Info.plist */,
			);
			path = SHOurTodoListTests;
			sourceTree = "<group>";
		};
		434BE35F20A29FA7001F1708 /* SHOurTodoListUITests */ = {
			isa = PBXGroup;
			children = (
				434BE36020A29FA7001F1708 /* SHOurTodoListUITests.swift */,
				434BE36220A29FA7001F1708 /* Info.plist */,
			);
			path = SHOurTodoListUITests;
			sourceTree = "<group>";
		};
/* End PBXGroup section */

/* Begin PBXNativeTarget section */
		434BE33C20A29FA6001F1708 /* SHOurTodoList */ = {
			isa = PBXNativeTarget;
			buildConfigurationList = 434BE36520A29FA7001F1708 /* Build configuration list for PBXNativeTarget "SHOurTodoList" */;
			buildPhases = (
				434BE33920A29FA6001F1708 /* Sources */,
				434BE33A20A29FA6001F1708 /* Frameworks */,
				434BE33B20A29FA6001F1708 /* Resources */,
			);
			buildRules = (
			);
			dependencies = (
			);
			name = SHOurTodoList;
			productName = SHOurTodoList;
			productReference = 434BE33D20A29FA6001F1708 /* SHOurTodoList.app */;
			productType = "com.apple.product-type.application";
		};
		434BE35020A29FA7001F1708 /* SHOurTodoListTests */ = {
			isa = PBXNativeTarget;
			buildConfigurationList = 434BE36820A29FA7001F1708 /* Build configuration list for PBXNativeTarget "SHOurTodoListTests" */;
			buildPhases = (
				434BE34D20A29FA7001F1708 /* Sources */,
				434BE34E20A29FA7001F1708 /* Frameworks */,
				434BE34F20A29FA7001F1708 /* Resources */,
			);
			buildRules = (
			);
			dependencies = (
				434BE35320A29FA7001F1708 /* PBXTargetDependency */,
			);
			name = SHOurTodoListTests;
			productName = SHOurTodoListTests;
			productReference = 434BE35120A29FA7001F1708 /* SHOurTodoListTests.xctest */;
			productType = "com.apple.product-type.bundle.unit-test";
		};
		434BE35B20A29FA7001F1708 /* SHOurTodoListUITests */ = {
			isa = PBXNativeTarget;
			buildConfigurationList = 434BE36B20A29FA7001F1708 /* Build configuration list for PBXNativeTarget "SHOurTodoListUITests" */;
			buildPhases = (
				434BE35820A29FA7001F1708 /* Sources */,
				434BE35920A29FA7001F1708 /* Frameworks */,
				434BE35A20A29FA7001F1708 /* Resources */,
			);
			buildRules = (
			);
			dependencies = (
				434BE35E20A29FA7001F1708 /* PBXTargetDependency */,
			);
			name = SHOurTodoListUITests;
			productName = SHOurTodoListUITests;
			productReference = 434BE35C20A29FA7001F1708 /* SHOurTodoListUITests.xctest */;
			productType = "com.apple.product-type.bundle.ui-testing";
		};
/* End PBXNativeTarget section */

/* Begin PBXProject section */
		434BE33520A29FA6001F1708 /* Project object */ = {
			isa = PBXProject;
			attributes = {
				LastSwiftUpdateCheck = 0930;
				LastUpgradeCheck = 0930;
				ORGANIZATIONNAME = "Zhang Weifan";
				TargetAttributes = {
					434BE33C20A29FA6001F1708 = {
						CreatedOnToolsVersion = 9.3;
					};
					434BE35020A29FA7001F1708 = {
						CreatedOnToolsVersion = 9.3;
						TestTargetID = 434BE33C20A29FA6001F1708;
					};
					434BE35B20A29FA7001F1708 = {
						CreatedOnToolsVersion = 9.3;
						TestTargetID = 434BE33C20A29FA6001F1708;
					};
				};
			};
			buildConfigurationList = 434BE33820A29FA6001F1708 /* Build configuration list for PBXProject "SHOurTodoList" */;
			compatibilityVersion = "Xcode 9.3";
			developmentRegion = en;
			hasScannedForEncodings = 0;
			knownRegions = (
				en,
				Base,
			);
			mainGroup = 434BE33420A29FA6001F1708;
			productRefGroup = 434BE33E20A29FA6001F1708 /* Products */;
			projectDirPath = "";
			projectRoot = "";
			targets = (
				434BE33C20A29FA6001F1708 /* SHOurTodoList */,
				434BE35020A29FA7001F1708 /* SHOurTodoListTests */,
				434BE35B20A29FA7001F1708 /* SHOurTodoListUITests */,
			);
		};
/* End PBXProject section */

/* Begin PBXResourcesBuildPhase section */
		434BE33B20A29FA6001F1708 /* Resources */ = {
			isa = PBXResourcesBuildPhase;
			buildActionMask = 2147483647;
			files = (
				434BE34B20A29FA7001F1708 /* LaunchScreen.storyboard in Resources */,
				434BE34820A29FA7001F1708 /* Assets.xcassets in Resources */,
				434BE34620A29FA6001F1708 /* Main.storyboard in Resources */,
			);
			runOnlyForDeploymentPostprocessing = 0;
		};
		434BE34F20A29FA7001F1708 /* Resources */ = {
			isa = PBXResourcesBuildPhase;
			buildActionMask = 2147483647;
			files = (
			);
			runOnlyForDeploymentPostprocessing = 0;
		};
		434BE35A20A29FA7001F1708 /* Resources */ = {
			isa = PBXResourcesBuildPhase;
			buildActionMask = 2147483647;
			files = (
			);
			runOnlyForDeploymentPostprocessing = 0;
		};
/* End PBXResourcesBuildPhase section */

/* Begin PBXSourcesBuildPhase section */
		434BE33920A29FA6001F1708 /* Sources */ = {
			isa = PBXSourcesBuildPhase;
			buildActionMask = 2147483647;
			files = (
				434BE34320A29FA6001F1708 /* ViewController.swift in Sources */,
				434BE34120A29FA6001F1708 /* AppDelegate.swift in Sources */,
			);
			runOnlyForDeploymentPostprocessing = 0;
		};
		434BE34D20A29FA7001F1708 /* Sources */ = {
			isa = PBXSourcesBuildPhase;
			buildActionMask = 2147483647;
			files = (
				434BE35620A29FA7001F1708 /* SHOurTodoListTests.swift in Sources */,
			);
			runOnlyForDeploymentPostprocessing = 0;
		};
		434BE35820A29FA7001F1708 /* Sources */ = {
			isa = PBXSourcesBuildPhase;
			buildActionMask = 2147483647;
			files = (
				434BE36120A29FA7001F1708 /* SHOurTodoListUITests.swift in Sources */,
			);
			runOnlyForDeploymentPostprocessing = 0;
		};
/* End PBXSourcesBuildPhase section */

/* Begin PBXTargetDependency section */
		434BE35320A29FA7001F1708 /* PBXTargetDependency */ = {
			isa = PBXTargetDependency;
			target = 434BE33C20A29FA6001F1708 /* SHOurTodoList */;
			targetProxy = 434BE35220A29FA7001F1708 /* PBXContainerItemProxy */;
		};
		434BE35E20A29FA7001F1708 /* PBXTargetDependency */ = {
			isa = PBXTargetDependency;
			target = 434BE33C20A29FA6001F1708 /* SHOurTodoList */;
			targetProxy = 434BE35D20A29FA7001F1708 /* PBXContainerItemProxy */;
		};
/* End PBXTargetDependency section */

/* Begin PBXVariantGroup section */
		434BE34420A29FA6001F1708 /* Main.storyboard */ = {
			isa = PBXVariantGroup;
			children = (
				434BE34520A29FA6001F1708 /* Base */,
			);
			name = Main.storyboard;
			sourceTree = "<group>";
		};
		434BE34920A29FA7001F1708 /* LaunchScreen.storyboard */ = {
			isa = PBXVariantGroup;
			children = (
				434BE34A20A29FA7001F1708 /* Base */,
			);
			name = LaunchScreen.storyboard;
			sourceTree = "<group>";
		};
/* End PBXVariantGroup section */

/* Begin XCBuildConfiguration section */
		434BE36320A29FA7001F1708 /* Debug */ = {
			isa = XCBuildConfiguration;
			buildSettings = {
				ALWAYS_SEARCH_USER_PATHS = NO;
				CLANG_ANALYZER_NONNULL = YES;
				CLANG_ANALYZER_NUMBER_OBJECT_CONVERSION = YES_AGGRESSIVE;
				CLANG_CXX_LANGUAGE_STANDARD = "gnu++14";
				CLANG_CXX_LIBRARY = "libc++";
				CLANG_ENABLE_MODULES = YES;
				CLANG_ENABLE_OBJC_ARC = YES;
				CLANG_ENABLE_OBJC_WEAK = YES;
				CLANG_WARN_BLOCK_CAPTURE_AUTORELEASING = YES;
				CLANG_WARN_BOOL_CONVERSION = YES;
				CLANG_WARN_COMMA = YES;
				CLANG_WARN_CONSTANT_CONVERSION = YES;
				CLANG_WARN_DEPRECATED_OBJC_IMPLEMENTATIONS = YES;
				CLANG_WARN_DIRECT_OBJC_ISA_USAGE = YES_ERROR;
				CLANG_WARN_DOCUMENTATION_COMMENTS = YES;
				CLANG_WARN_EMPTY_BODY = YES;
				CLANG_WARN_ENUM_CONVERSION = YES;
				CLANG_WARN_INFINITE_RECURSION = YES;
				CLANG_WARN_INT_CONVERSION = YES;
				CLANG_WARN_NON_LITERAL_NULL_CONVERSION = YES;
				CLANG_WARN_OBJC_IMPLICIT_RETAIN_SELF = YES;
				CLANG_WARN_OBJC_LITERAL_CONVERSION = YES;
				CLANG_WARN_OBJC_ROOT_CLASS = YES_ERROR;
				CLANG_WARN_RANGE_LOOP_ANALYSIS = YES;
				CLANG_WARN_STRICT_PROTOTYPES = YES;
				CLANG_WARN_SUSPICIOUS_MOVE = YES;
				CLANG_WARN_UNGUARDED_AVAILABILITY = YES_AGGRESSIVE;
				CLANG_WARN_UNREACHABLE_CODE = YES;
				CLANG_WARN__DUPLICATE_METHOD_MATCH = YES;
				CODE_SIGN_IDENTITY = "iPhone Developer";
				COPY_PHASE_STRIP = NO;
				DEBUG_INFORMATION_FORMAT = dwarf;
				ENABLE_STRICT_OBJC_MSGSEND = YES;
				ENABLE_TESTABILITY = YES;
				GCC_C_LANGUAGE_STANDARD = gnu11;
				GCC_DYNAMIC_NO_PIC = NO;
				GCC_NO_COMMON_BLOCKS = YES;
				GCC_OPTIMIZATION_LEVEL = 0;
				GCC_PREPROCESSOR_DEFINITIONS = (
					"DEBUG=1",
					"$(inherited)",
				);
				GCC_WARN_64_TO_32_BIT_CONVERSION = YES;
				GCC_WARN_ABOUT_RETURN_TYPE = YES_ERROR;
				GCC_WARN_UNDECLARED_SELECTOR = YES;
				GCC_WARN_UNINITIALIZED_AUTOS = YES_AGGRESSIVE;
				GCC_WARN_UNUSED_FUNCTION = YES;
				GCC_WARN_UNUSED_VARIABLE = YES;
				IPHONEOS_DEPLOYMENT_TARGET = 11.3;
				MTL_ENABLE_DEBUG_INFO = YES;
				ONLY_ACTIVE_ARCH = YES;
				SDKROOT = iphoneos;
				SWIFT_ACTIVE_COMPILATION_CONDITIONS = DEBUG;
				SWIFT_OPTIMIZATION_LEVEL = "-Onone";
			};
			name = Debug;
		};
		434BE36420A29FA7001F1708 /* Release */ = {
			isa = XCBuildConfiguration;
			buildSettings = {
				ALWAYS_SEARCH_USER_PATHS = NO;
				CLANG_ANALYZER_NONNULL = YES;
				CLANG_ANALYZER_NUMBER_OBJECT_CONVERSION = YES_AGGRESSIVE;
				CLANG_CXX_LANGUAGE_STANDARD = "gnu++14";
				CLANG_CXX_LIBRARY = "libc++";
				CLANG_ENABLE_MODULES = YES;
				CLANG_ENABLE_OBJC_ARC = YES;
				CLANG_ENABLE_OBJC_WEAK = YES;
				CLANG_WARN_BLOCK_CAPTURE_AUTORELEASING = YES;
				CLANG_WARN_BOOL_CONVERSION = YES;
				CLANG_WARN_COMMA = YES;
				CLANG_WARN_CONSTANT_CONVERSION = YES;
				CLANG_WARN_DEPRECATED_OBJC_IMPLEMENTATIONS = YES;
				CLANG_WARN_DIRECT_OBJC_ISA_USAGE = YES_ERROR;
				CLANG_WARN_DOCUMENTATION_COMMENTS = YES;
				CLANG_WARN_EMPTY_BODY = YES;
				CLANG_WARN_ENUM_CONVERSION = YES;
				CLANG_WARN_INFINITE_RECURSION = YES;
				CLANG_WARN_INT_CONVERSION = YES;
				CLANG_WARN_NON_LITERAL_NULL_CONVERSION = YES;
				CLANG_WARN_OBJC_IMPLICIT_RETAIN_SELF = YES;
				CLANG_WARN_OBJC_LITERAL_CONVERSION = YES;
				CLANG_WARN_OBJC_ROOT_CLASS = YES_ERROR;
				CLANG_WARN_RANGE_LOOP_ANALYSIS = YES;
				CLANG_WARN_STRICT_PROTOTYPES = YES;
				CLANG_WARN_SUSPICIOUS_MOVE = YES;
				CLANG_WARN_UNGUARDED_AVAILABILITY = YES_AGGRESSIVE;
				CLANG_WARN_UNREACHABLE_CODE = YES;
				CLANG_WARN__DUPLICATE_METHOD_MATCH = YES;
				CODE_SIGN_IDENTITY = "iPhone Developer";
				COPY_PHASE_STRIP = NO;
				DEBUG_INFORMATION_FORMAT = "dwarf-with-dsym";
				ENABLE_NS_ASSERTIONS = NO;
				ENABLE_STRICT_OBJC_MSGSEND = YES;
				GCC_C_LANGUAGE_STANDARD = gnu11;
				GCC_NO_COMMON_BLOCKS = YES;
				GCC_WARN_64_TO_32_BIT_CONVERSION = YES;
				GCC_WARN_ABOUT_RETURN_TYPE = YES_ERROR;
				GCC_WARN_UNDECLARED_SELECTOR = YES;
				GCC_WARN_UNINITIALIZED_AUTOS = YES_AGGRESSIVE;
				GCC_WARN_UNUSED_FUNCTION = YES;
				GCC_WARN_UNUSED_VARIABLE = YES;
				IPHONEOS_DEPLOYMENT_TARGET = 11.3;
				MTL_ENABLE_DEBUG_INFO = NO;
				SDKROOT = iphoneos;
				SWIFT_COMPILATION_MODE = wholemodule;
				SWIFT_OPTIMIZATION_LEVEL = "-O";
				VALIDATE_PRODUCT = YES;
			};
			name = Release;
		};
		434BE36620A29FA7001F1708 /* Debug */ = {
			isa = XCBuildConfiguration;
			buildSettings = {
				ASSETCATALOG_COMPILER_APPICON_NAME = AppIcon;
				CODE_SIGN_STYLE = Automatic;
				DEVELOPMENT_TEAM = HQ262QY6GL;
				INFOPLIST_FILE = SHOurTodoList/Info.plist;
				LD_RUNPATH_SEARCH_PATHS = (
					"$(inherited)",
					"@executable_path/Frameworks",
				);
				PRODUCT_BUNDLE_IDENTIFIER = com.weifan.SHOurTodoList;
				PRODUCT_NAME = "$(TARGET_NAME)";
				SWIFT_VERSION = 4.0;
				TARGETED_DEVICE_FAMILY = "1,2";
			};
			name = Debug;
		};
		434BE36720A29FA7001F1708 /* Release */ = {
			isa = XCBuildConfiguration;
			buildSettings = {
				ASSETCATALOG_COMPILER_APPICON_NAME = AppIcon;
				CODE_SIGN_STYLE = Automatic;
				DEVELOPMENT_TEAM = HQ262QY6GL;
				INFOPLIST_FILE = SHOurTodoList/Info.plist;
				LD_RUNPATH_SEARCH_PATHS = (
					"$(inherited)",
					"@executable_path/Frameworks",
				);
				PRODUCT_BUNDLE_IDENTIFIER = com.weifan.SHOurTodoList;
				PRODUCT_NAME = "$(TARGET_NAME)";
				SWIFT_VERSION = 4.0;
				TARGETED_DEVICE_FAMILY = "1,2";
			};
			name = Release;
		};
		434BE36920A29FA7001F1708 /* Debug */ = {
			isa = XCBuildConfiguration;
			buildSettings = {
				ALWAYS_EMBED_SWIFT_STANDARD_LIBRARIES = YES;
				BUNDLE_LOADER = "$(TEST_HOST)";
				CODE_SIGN_STYLE = Automatic;
				DEVELOPMENT_TEAM = HQ262QY6GL;
				INFOPLIST_FILE = SHOurTodoListTests/Info.plist;
				LD_RUNPATH_SEARCH_PATHS = (
					"$(inherited)",
					"@executable_path/Frameworks",
					"@loader_path/Frameworks",
				);
				PRODUCT_BUNDLE_IDENTIFIER = com.weifan.SHOurTodoListTests;
				PRODUCT_NAME = "$(TARGET_NAME)";
				SWIFT_VERSION = 4.0;
				TARGETED_DEVICE_FAMILY = "1,2";
				TEST_HOST = "$(BUILT_PRODUCTS_DIR)/SHOurTodoList.app/SHOurTodoList";
			};
			name = Debug;
		};
		434BE36A20A29FA7001F1708 /* Release */ = {
			isa = XCBuildConfiguration;
			buildSettings = {
				ALWAYS_EMBED_SWIFT_STANDARD_LIBRARIES = YES;
				BUNDLE_LOADER = "$(TEST_HOST)";
				CODE_SIGN_STYLE = Automatic;
				DEVELOPMENT_TEAM = HQ262QY6GL;
				INFOPLIST_FILE = SHOurTodoListTests/Info.plist;
				LD_RUNPATH_SEARCH_PATHS = (
					"$(inherited)",
					"@executable_path/Frameworks",
					"@loader_path/Frameworks",
				);
				PRODUCT_BUNDLE_IDENTIFIER = com.weifan.SHOurTodoListTests;
				PRODUCT_NAME = "$(TARGET_NAME)";
				SWIFT_VERSION = 4.0;
				TARGETED_DEVICE_FAMILY = "1,2";
				TEST_HOST = "$(BUILT_PRODUCTS_DIR)/SHOurTodoList.app/SHOurTodoList";
			};
			name = Release;
		};
		434BE36C20A29FA7001F1708 /* Debug */ = {
			isa = XCBuildConfiguration;
			buildSettings = {
				ALWAYS_EMBED_SWIFT_STANDARD_LIBRARIES = YES;
				CODE_SIGN_STYLE = Automatic;
				DEVELOPMENT_TEAM = HQ262QY6GL;
				INFOPLIST_FILE = SHOurTodoListUITests/Info.plist;
				LD_RUNPATH_SEARCH_PATHS = (
					"$(inherited)",
					"@executable_path/Frameworks",
					"@loader_path/Frameworks",
				);
				PRODUCT_BUNDLE_IDENTIFIER = com.weifan.SHOurTodoListUITests;
				PRODUCT_NAME = "$(TARGET_NAME)";
				SWIFT_VERSION = 4.0;
				TARGETED_DEVICE_FAMILY = "1,2";
				TEST_TARGET_NAME = SHOurTodoList;
			};
			name = Debug;
		};
		434BE36D20A29FA7001F1708 /* Release */ = {
			isa = XCBuildConfiguration;
			buildSettings = {
				ALWAYS_EMBED_SWIFT_STANDARD_LIBRARIES = YES;
				CODE_SIGN_STYLE = Automatic;
				DEVELOPMENT_TEAM = HQ262QY6GL;
				INFOPLIST_FILE = SHOurTodoListUITests/Info.plist;
				LD_RUNPATH_SEARCH_PATHS = (
					"$(inherited)",
					"@executable_path/Frameworks",
					"@loader_path/Frameworks",
				);
				PRODUCT_BUNDLE_IDENTIFIER = com.weifan.SHOurTodoListUITests;
				PRODUCT_NAME = "$(TARGET_NAME)";
				SWIFT_VERSION = 4.0;
				TARGETED_DEVICE_FAMILY = "1,2";
				TEST_TARGET_NAME = SHOurTodoList;
			};
			name = Release;
		};
/* End XCBuildConfiguration section */

/* Begin XCConfigurationList section */
		434BE33820A29FA6001F1708 /* Build configuration list for PBXProject "SHOurTodoList" */ = {
			isa = XCConfigurationList;
			buildConfigurations = (
				434BE36320A29FA7001F1708 /* Debug */,
				434BE36420A29FA7001F1708 /* Release */,
			);
			defaultConfigurationIsVisible = 0;
			defaultConfigurationName = Release;
		};
		434BE36520A29FA7001F1708 /* Build configuration list for PBXNativeTarget "SHOurTodoList" */ = {
			isa = XCConfigurationList;
			buildConfigurations = (
				434BE36620A29FA7001F1708 /* Debug */,
				434BE36720A29FA7001F1708 /* Release */,
			);
			defaultConfigurationIsVisible = 0;
			defaultConfigurationName = Release;
		};
		434BE36820A29FA7001F1708 /* Build configuration list for PBXNativeTarget "SHOurTodoListTests" */ = {
			isa = XCConfigurationList;
			buildConfigurations = (
				434BE36920A29FA7001F1708 /* Debug */,
				434BE36A20A29FA7001F1708 /* Release */,
			);
			defaultConfigurationIsVisible = 0;
			defaultConfigurationName = Release;
		};
		434BE36B20A29FA7001F1708 /* Build configuration list for PBXNativeTarget "SHOurTodoListUITests" */ = {
			isa = XCConfigurationList;
			buildConfigurations = (
				434BE36C20A29FA7001F1708 /* Debug */,
				434BE36D20A29FA7001F1708 /* Release */,
			);
			defaultConfigurationIsVisible = 0;
			defaultConfigurationName = Release;
		};
/* End XCConfigurationList section */
	};
	rootObject = 434BE33520A29FA6001F1708 /* Project object */;
}
